// !$*UTF8*$!
{
	archiveVersion = 1;
	classes = {
	};
	objectVersion = 46;
	objects = {

/* Begin PBXBuildFile section */
		F0E3DF4F1C97F30600196E44 /* main.m in Sources */ = {isa = PBXBuildFile; fileRef = F0E3DF4E1C97F30600196E44 /* main.m */; };
		F0E3DF521C97F30600196E44 /* AppDelegate.m in Sources */ = {isa = PBXBuildFile; fileRef = F0E3DF511C97F30600196E44 /* AppDelegate.m */; };
		F0E3DF5A1C97F30600196E44 /* Assets.xcassets in Resources */ = {isa = PBXBuildFile; fileRef = F0E3DF591C97F30600196E44 /* Assets.xcassets */; };
		F0E3DF5D1C97F30600196E44 /* LaunchScreen.storyboard in Resources */ = {isa = PBXBuildFile; fileRef = F0E3DF5B1C97F30600196E44 /* LaunchScreen.storyboard */; };
		F0E3DF681C97F30600196E44 /* WonderSolutionTests.m in Sources */ = {isa = PBXBuildFile; fileRef = F0E3DF671C97F30600196E44 /* WonderSolutionTests.m */; };
		F0E3DF731C97F30600196E44 /* WonderSolutionUITests.m in Sources */ = {isa = PBXBuildFile; fileRef = F0E3DF721C97F30600196E44 /* WonderSolutionUITests.m */; };
		F0E3DF821C97F4CF00196E44 /* FDTabBarController.m in Sources */ = {isa = PBXBuildFile; fileRef = F0E3DF811C97F4CF00196E44 /* FDTabBarController.m */; };
		F0E3DF851C97F53400196E44 /* FDNavigationController.m in Sources */ = {isa = PBXBuildFile; fileRef = F0E3DF841C97F53400196E44 /* FDNavigationController.m */; };
		F0E3DF881C97F57B00196E44 /* FDEssenceViewController.m in Sources */ = {isa = PBXBuildFile; fileRef = F0E3DF871C97F57B00196E44 /* FDEssenceViewController.m */; };
		F0E3DF8B1C97F58900196E44 /* FDNewViewController.m in Sources */ = {isa = PBXBuildFile; fileRef = F0E3DF8A1C97F58900196E44 /* FDNewViewController.m */; };
		F0E3DF8E1C97F59E00196E44 /* FDAttentionViewController.m in Sources */ = {isa = PBXBuildFile; fileRef = F0E3DF8D1C97F59E00196E44 /* FDAttentionViewController.m */; };
		F0E3DF911C97F5AB00196E44 /* FDMeViewController.m in Sources */ = {isa = PBXBuildFile; fileRef = F0E3DF901C97F5AB00196E44 /* FDMeViewController.m */; };
		F0E3DF941C97F60F00196E44 /* FDTopicViewController.m in Sources */ = {isa = PBXBuildFile; fileRef = F0E3DF931C97F60F00196E44 /* FDTopicViewController.m */; };
		F0E3DF971C98002400196E44 /* UIView+Extension.m in Sources */ = {isa = PBXBuildFile; fileRef = F0E3DF961C98002400196E44 /* UIView+Extension.m */; };
/* End PBXBuildFile section */

/* Begin PBXContainerItemProxy section */
		F0E3DF641C97F30600196E44 /* PBXContainerItemProxy */ = {
			isa = PBXContainerItemProxy;
			containerPortal = F0E3DF421C97F30600196E44 /* Project object */;
			proxyType = 1;
			remoteGlobalIDString = F0E3DF491C97F30600196E44;
			remoteInfo = WonderSolution;
		};
		F0E3DF6F1C97F30600196E44 /* PBXContainerItemProxy */ = {
			isa = PBXContainerItemProxy;
			containerPortal = F0E3DF421C97F30600196E44 /* Project object */;
			proxyType = 1;
			remoteGlobalIDString = F0E3DF491C97F30600196E44;
			remoteInfo = WonderSolution;
		};
/* End PBXContainerItemProxy section */

/* Begin PBXFileReference section */
		F0E3DF4A1C97F30600196E44 /* WonderSolution.app */ = {isa = PBXFileReference; explicitFileType = wrapper.application; includeInIndex = 0; path = WonderSolution.app; sourceTree = BUILT_PRODUCTS_DIR; };
		F0E3DF4E1C97F30600196E44 /* main.m */ = {isa = PBXFileReference; lastKnownFileType = sourcecode.c.objc; path = main.m; sourceTree = "<group>"; };
		F0E3DF501C97F30600196E44 /* AppDelegate.h */ = {isa = PBXFileReference; lastKnownFileType = sourcecode.c.h; path = AppDelegate.h; sourceTree = "<group>"; };
		F0E3DF511C97F30600196E44 /* AppDelegate.m */ = {isa = PBXFileReference; lastKnownFileType = sourcecode.c.objc; path = AppDelegate.m; sourceTree = "<group>"; };
		F0E3DF591C97F30600196E44 /* Assets.xcassets */ = {isa = PBXFileReference; lastKnownFileType = folder.assetcatalog; path = Assets.xcassets; sourceTree = "<group>"; };
		F0E3DF5C1C97F30600196E44 /* Base */ = {isa = PBXFileReference; lastKnownFileType = file.storyboard; name = Base; path = Base.lproj/LaunchScreen.storyboard; sourceTree = "<group>"; };
		F0E3DF5E1C97F30600196E44 /* Info.plist */ = {isa = PBXFileReference; lastKnownFileType = text.plist.xml; path = Info.plist; sourceTree = "<group>"; };
		F0E3DF631C97F30600196E44 /* WonderSolutionTests.xctest */ = {isa = PBXFileReference; explicitFileType = wrapper.cfbundle; includeInIndex = 0; path = WonderSolutionTests.xctest; sourceTree = BUILT_PRODUCTS_DIR; };
		F0E3DF671C97F30600196E44 /* WonderSolutionTests.m */ = {isa = PBXFileReference; lastKnownFileType = sourcecode.c.objc; path = WonderSolutionTests.m; sourceTree = "<group>"; };
		F0E3DF691C97F30600196E44 /* Info.plist */ = {isa = PBXFileReference; lastKnownFileType = text.plist.xml; path = Info.plist; sourceTree = "<group>"; };
		F0E3DF6E1C97F30600196E44 /* WonderSolutionUITests.xctest */ = {isa = PBXFileReference; explicitFileType = wrapper.cfbundle; includeInIndex = 0; path = WonderSolutionUITests.xctest; sourceTree = BUILT_PRODUCTS_DIR; };
		F0E3DF721C97F30600196E44 /* WonderSolutionUITests.m */ = {isa = PBXFileReference; lastKnownFileType = sourcecode.c.objc; path = WonderSolutionUITests.m; sourceTree = "<group>"; };
		F0E3DF741C97F30600196E44 /* Info.plist */ = {isa = PBXFileReference; lastKnownFileType = text.plist.xml; path = Info.plist; sourceTree = "<group>"; };
		F0E3DF801C97F4CF00196E44 /* FDTabBarController.h */ = {isa = PBXFileReference; fileEncoding = 4; lastKnownFileType = sourcecode.c.h; path = FDTabBarController.h; sourceTree = "<group>"; };
		F0E3DF811C97F4CF00196E44 /* FDTabBarController.m */ = {isa = PBXFileReference; fileEncoding = 4; lastKnownFileType = sourcecode.c.objc; path = FDTabBarController.m; sourceTree = "<group>"; };
		F0E3DF831C97F53400196E44 /* FDNavigationController.h */ = {isa = PBXFileReference; fileEncoding = 4; lastKnownFileType = sourcecode.c.h; path = FDNavigationController.h; sourceTree = "<group>"; };
		F0E3DF841C97F53400196E44 /* FDNavigationController.m */ = {isa = PBXFileReference; fileEncoding = 4; lastKnownFileType = sourcecode.c.objc; path = FDNavigationController.m; sourceTree = "<group>"; };
		F0E3DF861C97F57B00196E44 /* FDEssenceViewController.h */ = {isa = PBXFileReference; fileEncoding = 4; lastKnownFileType = sourcecode.c.h; path = FDEssenceViewController.h; sourceTree = "<group>"; };
		F0E3DF871C97F57B00196E44 /* FDEssenceViewController.m */ = {isa = PBXFileReference; fileEncoding = 4; lastKnownFileType = sourcecode.c.objc; path = FDEssenceViewController.m; sourceTree = "<group>"; };
		F0E3DF891C97F58900196E44 /* FDNewViewController.h */ = {isa = PBXFileReference; fileEncoding = 4; lastKnownFileType = sourcecode.c.h; path = FDNewViewController.h; sourceTree = "<group>"; };
		F0E3DF8A1C97F58900196E44 /* FDNewViewController.m */ = {isa = PBXFileReference; fileEncoding = 4; lastKnownFileType = sourcecode.c.objc; path = FDNewViewController.m; sourceTree = "<group>"; };
		F0E3DF8C1C97F59E00196E44 /* FDAttentionViewController.h */ = {isa = PBXFileReference; fileEncoding = 4; lastKnownFileType = sourcecode.c.h; path = FDAttentionViewController.h; sourceTree = "<group>"; };
		F0E3DF8D1C97F59E00196E44 /* FDAttentionViewController.m */ = {isa = PBXFileReference; fileEncoding = 4; lastKnownFileType = sourcecode.c.objc; path = FDAttentionViewController.m; sourceTree = "<group>"; };
		F0E3DF8F1C97F5AB00196E44 /* FDMeViewController.h */ = {isa = PBXFileReference; fileEncoding = 4; lastKnownFileType = sourcecode.c.h; path = FDMeViewController.h; sourceTree = "<group>"; };
		F0E3DF901C97F5AB00196E44 /* FDMeViewController.m */ = {isa = PBXFileReference; fileEncoding = 4; lastKnownFileType = sourcecode.c.objc; path = FDMeViewController.m; sourceTree = "<group>"; };
		F0E3DF921C97F60F00196E44 /* FDTopicViewController.h */ = {isa = PBXFileReference; fileEncoding = 4; lastKnownFileType = sourcecode.c.h; path = FDTopicViewController.h; sourceTree = "<group>"; };
		F0E3DF931C97F60F00196E44 /* FDTopicViewController.m */ = {isa = PBXFileReference; fileEncoding = 4; lastKnownFileType = sourcecode.c.objc; path = FDTopicViewController.m; sourceTree = "<group>"; };
		F0E3DF951C98002400196E44 /* UIView+Extension.h */ = {isa = PBXFileReference; fileEncoding = 4; lastKnownFileType = sourcecode.c.h; path = "UIView+Extension.h"; sourceTree = "<group>"; };
		F0E3DF961C98002400196E44 /* UIView+Extension.m */ = {isa = PBXFileReference; fileEncoding = 4; lastKnownFileType = sourcecode.c.objc; path = "UIView+Extension.m"; sourceTree = "<group>"; };
		F0E3DF981C9807D000196E44 /* PrefixHeader.pch */ = {isa = PBXFileReference; fileEncoding = 4; lastKnownFileType = sourcecode.c.h; path = PrefixHeader.pch; sourceTree = "<group>"; };
/* End PBXFileReference section */

/* Begin PBXFrameworksBuildPhase section */
		F0E3DF471C97F30600196E44 /* Frameworks */ = {
			isa = PBXFrameworksBuildPhase;
			buildActionMask = 2147483647;
			files = (
			);
			runOnlyForDeploymentPostprocessing = 0;
		};
		F0E3DF601C97F30600196E44 /* Frameworks */ = {
			isa = PBXFrameworksBuildPhase;
			buildActionMask = 2147483647;
			files = (
			);
			runOnlyForDeploymentPostprocessing = 0;
		};
		F0E3DF6B1C97F30600196E44 /* Frameworks */ = {
			isa = PBXFrameworksBuildPhase;
			buildActionMask = 2147483647;
			files = (
			);
			runOnlyForDeploymentPostprocessing = 0;
		};
/* End PBXFrameworksBuildPhase section */

/* Begin PBXGroup section */
		F0E3DF411C97F30600196E44 = {
			isa = PBXGroup;
			children = (
				F0E3DF4C1C97F30600196E44 /* WonderSolution */,
				F0E3DF661C97F30600196E44 /* WonderSolutionTests */,
				F0E3DF711C97F30600196E44 /* WonderSolutionUITests */,
				F0E3DF4B1C97F30600196E44 /* Products */,
			);
			sourceTree = "<group>";
		};
		F0E3DF4B1C97F30600196E44 /* Products */ = {
			isa = PBXGroup;
			children = (
				F0E3DF4A1C97F30600196E44 /* WonderSolution.app */,
				F0E3DF631C97F30600196E44 /* WonderSolutionTests.xctest */,
				F0E3DF6E1C97F30600196E44 /* WonderSolutionUITests.xctest */,
			);
			name = Products;
			sourceTree = "<group>";
		};
		F0E3DF4C1C97F30600196E44 /* WonderSolution */ = {
			isa = PBXGroup;
			children = (
				F0E3DF501C97F30600196E44 /* AppDelegate.h */,
				F0E3DF511C97F30600196E44 /* AppDelegate.m */,
				F0E3DF591C97F30600196E44 /* Assets.xcassets */,
				F0E3DF5B1C97F30600196E44 /* LaunchScreen.storyboard */,
				F0E3DF5E1C97F30600196E44 /* Info.plist */,
				F0E3DF4D1C97F30600196E44 /* Supporting Files */,
				F0E3DF801C97F4CF00196E44 /* FDTabBarController.h */,
				F0E3DF811C97F4CF00196E44 /* FDTabBarController.m */,
				F0E3DF831C97F53400196E44 /* FDNavigationController.h */,
				F0E3DF841C97F53400196E44 /* FDNavigationController.m */,
				F0E3DF861C97F57B00196E44 /* FDEssenceViewController.h */,
				F0E3DF871C97F57B00196E44 /* FDEssenceViewController.m */,
				F0E3DF891C97F58900196E44 /* FDNewViewController.h */,
				F0E3DF8A1C97F58900196E44 /* FDNewViewController.m */,
				F0E3DF8C1C97F59E00196E44 /* FDAttentionViewController.h */,
				F0E3DF8D1C97F59E00196E44 /* FDAttentionViewController.m */,
				F0E3DF8F1C97F5AB00196E44 /* FDMeViewController.h */,
				F0E3DF901C97F5AB00196E44 /* FDMeViewController.m */,
				F0E3DF921C97F60F00196E44 /* FDTopicViewController.h */,
				F0E3DF931C97F60F00196E44 /* FDTopicViewController.m */,
				F0E3DF951C98002400196E44 /* UIView+Extension.h */,
				F0E3DF961C98002400196E44 /* UIView+Extension.m */,
				F0E3DF981C9807D000196E44 /* PrefixHeader.pch */,
			);
			path = WonderSolution;
			sourceTree = "<group>";
		};
		F0E3DF4D1C97F30600196E44 /* Supporting Files */ = {
			isa = PBXGroup;
			children = (
				F0E3DF4E1C97F30600196E44 /* main.m */,
			);
			name = "Supporting Files";
			sourceTree = "<group>";
		};
		F0E3DF661C97F30600196E44 /* WonderSolutionTests */ = {
			isa = PBXGroup;
			children = (
				F0E3DF671C97F30600196E44 /* WonderSolutionTests.m */,
				F0E3DF691C97F30600196E44 /* Info.plist */,
			);
			path = WonderSolutionTests;
			sourceTree = "<group>";
		};
		F0E3DF711C97F30600196E44 /* WonderSolutionUITests */ = {
			isa = PBXGroup;
			children = (
				F0E3DF721C97F30600196E44 /* WonderSolutionUITests.m */,
				F0E3DF741C97F30600196E44 /* Info.plist */,
			);
			path = WonderSolutionUITests;
			sourceTree = "<group>";
		};
/* End PBXGroup section */

/* Begin PBXNativeTarget section */
		F0E3DF491C97F30600196E44 /* WonderSolution */ = {
			isa = PBXNativeTarget;
			buildConfigurationList = F0E3DF771C97F30600196E44 /* Build configuration list for PBXNativeTarget "WonderSolution" */;
			buildPhases = (
				F0E3DF461C97F30600196E44 /* Sources */,
				F0E3DF471C97F30600196E44 /* Frameworks */,
				F0E3DF481C97F30600196E44 /* Resources */,
			);
			buildRules = (
			);
			dependencies = (
			);
			name = WonderSolution;
			productName = WonderSolution;
			productReference = F0E3DF4A1C97F30600196E44 /* WonderSolution.app */;
			productType = "com.apple.product-type.application";
		};
		F0E3DF621C97F30600196E44 /* WonderSolutionTests */ = {
			isa = PBXNativeTarget;
			buildConfigurationList = F0E3DF7A1C97F30600196E44 /* Build configuration list for PBXNativeTarget "WonderSolutionTests" */;
			buildPhases = (
				F0E3DF5F1C97F30600196E44 /* Sources */,
				F0E3DF601C97F30600196E44 /* Frameworks */,
				F0E3DF611C97F30600196E44 /* Resources */,
			);
			buildRules = (
			);
			dependencies = (
				F0E3DF651C97F30600196E44 /* PBXTargetDependency */,
			);
			name = WonderSolutionTests;
			productName = WonderSolutionTests;
			productReference = F0E3DF631C97F30600196E44 /* WonderSolutionTests.xctest */;
			productType = "com.apple.product-type.bundle.unit-test";
		};
		F0E3DF6D1C97F30600196E44 /* WonderSolutionUITests */ = {
			isa = PBXNativeTarget;
			buildConfigurationList = F0E3DF7D1C97F30600196E44 /* Build configuration list for PBXNativeTarget "WonderSolutionUITests" */;
			buildPhases = (
				F0E3DF6A1C97F30600196E44 /* Sources */,
				F0E3DF6B1C97F30600196E44 /* Frameworks */,
				F0E3DF6C1C97F30600196E44 /* Resources */,
			);
			buildRules = (
			);
			dependencies = (
				F0E3DF701C97F30600196E44 /* PBXTargetDependency */,
			);
			name = WonderSolutionUITests;
			productName = WonderSolutionUITests;
			productReference = F0E3DF6E1C97F30600196E44 /* WonderSolutionUITests.xctest */;
			productType = "com.apple.product-type.bundle.ui-testing";
		};
/* End PBXNativeTarget section */

/* Begin PBXProject section */
		F0E3DF421C97F30600196E44 /* Project object */ = {
			isa = PBXProject;
			attributes = {
				CLASSPREFIX = FD;
				LastUpgradeCheck = 0720;
				ORGANIZATIONNAME = gong;
				TargetAttributes = {
					F0E3DF491C97F30600196E44 = {
						CreatedOnToolsVersion = 7.2;
					};
					F0E3DF621C97F30600196E44 = {
						CreatedOnToolsVersion = 7.2;
						TestTargetID = F0E3DF491C97F30600196E44;
					};
					F0E3DF6D1C97F30600196E44 = {
						CreatedOnToolsVersion = 7.2;
						TestTargetID = F0E3DF491C97F30600196E44;
					};
				};
			};
			buildConfigurationList = F0E3DF451C97F30600196E44 /* Build configuration list for PBXProject "WonderSolution" */;
			compatibilityVersion = "Xcode 3.2";
			developmentRegion = English;
			hasScannedForEncodings = 0;
			knownRegions = (
				en,
				Base,
			);
			mainGroup = F0E3DF411C97F30600196E44;
			productRefGroup = F0E3DF4B1C97F30600196E44 /* Products */;
			projectDirPath = "";
			projectRoot = "";
			targets = (
				F0E3DF491C97F30600196E44 /* WonderSolution */,
				F0E3DF621C97F30600196E44 /* WonderSolutionTests */,
				F0E3DF6D1C97F30600196E44 /* WonderSolutionUITests */,
			);
		};
/* End PBXProject section */

/* Begin PBXResourcesBuildPhase section */
		F0E3DF481C97F30600196E44 /* Resources */ = {
			isa = PBXResourcesBuildPhase;
			buildActionMask = 2147483647;
			files = (
				F0E3DF5D1C97F30600196E44 /* LaunchScreen.storyboard in Resources */,
				F0E3DF5A1C97F30600196E44 /* Assets.xcassets in Resources */,
			);
			runOnlyForDeploymentPostprocessing = 0;
		};
		F0E3DF611C97F30600196E44 /* Resources */ = {
			isa = PBXResourcesBuildPhase;
			buildActionMask = 2147483647;
			files = (
			);
			runOnlyForDeploymentPostprocessing = 0;
		};
		F0E3DF6C1C97F30600196E44 /* Resources */ = {
			isa = PBXResourcesBuildPhase;
			buildActionMask = 2147483647;
			files = (
			);
			runOnlyForDeploymentPostprocessing = 0;
		};
/* End PBXResourcesBuildPhase section */

/* Begin PBXSourcesBuildPhase section */
		F0E3DF461C97F30600196E44 /* Sources */ = {
			isa = PBXSourcesBuildPhase;
			buildActionMask = 2147483647;
			files = (
				F0E3DF971C98002400196E44 /* UIView+Extension.m in Sources */,
				F0E3DF881C97F57B00196E44 /* FDEssenceViewController.m in Sources */,
				F0E3DF8B1C97F58900196E44 /* FDNewViewController.m in Sources */,
				F0E3DF911C97F5AB00196E44 /* FDMeViewController.m in Sources */,
				F0E3DF821C97F4CF00196E44 /* FDTabBarController.m in Sources */,
				F0E3DF851C97F53400196E44 /* FDNavigationController.m in Sources */,
				F0E3DF521C97F30600196E44 /* AppDelegate.m in Sources */,
				F0E3DF4F1C97F30600196E44 /* main.m in Sources */,
				F0E3DF941C97F60F00196E44 /* FDTopicViewController.m in Sources */,
				F0E3DF8E1C97F59E00196E44 /* FDAttentionViewController.m in Sources */,
			);
			runOnlyForDeploymentPostprocessing = 0;
		};
		F0E3DF5F1C97F30600196E44 /* Sources */ = {
			isa = PBXSourcesBuildPhase;
			buildActionMask = 2147483647;
			files = (
				F0E3DF681C97F30600196E44 /* WonderSolutionTests.m in Sources */,
			);
			runOnlyForDeploymentPostprocessing = 0;
		};
		F0E3DF6A1C97F30600196E44 /* Sources */ = {
			isa = PBXSourcesBuildPhase;
			buildActionMask = 2147483647;
			files = (
				F0E3DF731C97F30600196E44 /* WonderSolutionUITests.m in Sources */,
			);
			runOnlyForDeploymentPostprocessing = 0;
		};
/* End PBXSourcesBuildPhase section */

/* Begin PBXTargetDependency section */
		F0E3DF651C97F30600196E44 /* PBXTargetDependency */ = {
			isa = PBXTargetDependency;
			target = F0E3DF491C97F30600196E44 /* WonderSolution */;
			targetProxy = F0E3DF641C97F30600196E44 /* PBXContainerItemProxy */;
		};
		F0E3DF701C97F30600196E44 /* PBXTargetDependency */ = {
			isa = PBXTargetDependency;
			target = F0E3DF491C97F30600196E44 /* WonderSolution */;
			targetProxy = F0E3DF6F1C97F30600196E44 /* PBXContainerItemProxy */;
		};
/* End PBXTargetDependency section */

/* Begin PBXVariantGroup section */
		F0E3DF5B1C97F30600196E44 /* LaunchScreen.storyboard */ = {
			isa = PBXVariantGroup;
			children = (
				F0E3DF5C1C97F30600196E44 /* Base */,
			);
			name = LaunchScreen.storyboard;
			sourceTree = "<group>";
		};
/* End PBXVariantGroup section */

/* Begin XCBuildConfiguration section */
		F0E3DF751C97F30600196E44 /* Debug */ = {
			isa = XCBuildConfiguration;
			buildSettings = {
				ALWAYS_SEARCH_USER_PATHS = NO;
				CLANG_CXX_LANGUAGE_STANDARD = "gnu++0x";
				CLANG_CXX_LIBRARY = "libc++";
				CLANG_ENABLE_MODULES = YES;
				CLANG_ENABLE_OBJC_ARC = YES;
				CLANG_WARN_BOOL_CONVERSION = YES;
				CLANG_WARN_CONSTANT_CONVERSION = YES;
				CLANG_WARN_DIRECT_OBJC_ISA_USAGE = YES_ERROR;
				CLANG_WARN_EMPTY_BODY = YES;
				CLANG_WARN_ENUM_CONVERSION = YES;
				CLANG_WARN_INT_CONVERSION = YES;
				CLANG_WARN_OBJC_ROOT_CLASS = YES_ERROR;
				CLANG_WARN_UNREACHABLE_CODE = YES;
				CLANG_WARN__DUPLICATE_METHOD_MATCH = YES;
				"CODE_SIGN_IDENTITY[sdk=iphoneos*]" = "iPhone Developer";
				COPY_PHASE_STRIP = NO;
				DEBUG_INFORMATION_FORMAT = dwarf;
				ENABLE_STRICT_OBJC_MSGSEND = YES;
				ENABLE_TESTABILITY = YES;
				GCC_C_LANGUAGE_STANDARD = gnu99;
				GCC_DYNAMIC_NO_PIC = NO;
				GCC_NO_COMMON_BLOCKS = YES;
				GCC_OPTIMIZATION_LEVEL = 0;
				GCC_PREPROCESSOR_DEFINITIONS = (
					"DEBUG=1",
					"$(inherited)",
				);
				GCC_WARN_64_TO_32_BIT_CONVERSION = YES;
				GCC_WARN_ABOUT_RETURN_TYPE = YES_ERROR;
				GCC_WARN_UNDECLARED_SELECTOR = YES;
				GCC_WARN_UNINITIALIZED_AUTOS = YES_AGGRESSIVE;
				GCC_WARN_UNUSED_FUNCTION = YES;
				GCC_WARN_UNUSED_VARIABLE = YES;
				IPHONEOS_DEPLOYMENT_TARGET = 9.2;
				MTL_ENABLE_DEBUG_INFO = YES;
				ONLY_ACTIVE_ARCH = YES;
				SDKROOT = iphoneos;
			};
			name = Debug;
		};
		F0E3DF761C97F30600196E44 /* Release */ = {
			isa = XCBuildConfiguration;
			buildSettings = {
				ALWAYS_SEARCH_USER_PATHS = NO;
				CLANG_CXX_LANGUAGE_STANDARD = "gnu++0x";
				CLANG_CXX_LIBRARY = "libc++";
				CLANG_ENABLE_MODULES = YES;
				CLANG_ENABLE_OBJC_ARC = YES;
				CLANG_WARN_BOOL_CONVERSION = YES;
				CLANG_WARN_CONSTANT_CONVERSION = YES;
				CLANG_WARN_DIRECT_OBJC_ISA_USAGE = YES_ERROR;
				CLANG_WARN_EMPTY_BODY = YES;
				CLANG_WARN_ENUM_CONVERSION = YES;
				CLANG_WARN_INT_CONVERSION = YES;
				CLANG_WARN_OBJC_ROOT_CLASS = YES_ERROR;
				CLANG_WARN_UNREACHABLE_CODE = YES;
				CLANG_WARN__DUPLICATE_METHOD_MATCH = YES;
				"CODE_SIGN_IDENTITY[sdk=iphoneos*]" = "iPhone Developer";
				COPY_PHASE_STRIP = NO;
				DEBUG_INFORMATION_FORMAT = "dwarf-with-dsym";
				ENABLE_NS_ASSERTIONS = NO;
				ENABLE_STRICT_OBJC_MSGSEND = YES;
				GCC_C_LANGUAGE_STANDARD = gnu99;
				GCC_NO_COMMON_BLOCKS = YES;
				GCC_WARN_64_TO_32_BIT_CONVERSION = YES;
				GCC_WARN_ABOUT_RETURN_TYPE = YES_ERROR;
				GCC_WARN_UNDECLARED_SELECTOR = YES;
				GCC_WARN_UNINITIALIZED_AUTOS = YES_AGGRESSIVE;
				GCC_WARN_UNUSED_FUNCTION = YES;
				GCC_WARN_UNUSED_VARIABLE = YES;
				IPHONEOS_DEPLOYMENT_TARGET = 9.2;
				MTL_ENABLE_DEBUG_INFO = NO;
				SDKROOT = iphoneos;
				VALIDATE_PRODUCT = YES;
			};
			name = Release;
		};
		F0E3DF781C97F30600196E44 /* Debug */ = {
			isa = XCBuildConfiguration;
			buildSettings = {
				ASSETCATALOG_COMPILER_APPICON_NAME = AppIcon;
				GCC_PREFIX_HEADER = "$(SRCROOT)/WonderSolution/PrefixHeader.pch";
				INFOPLIST_FILE = WonderSolution/Info.plist;
				LD_RUNPATH_SEARCH_PATHS = "$(inherited) @executable_path/Frameworks";
				PRODUCT_BUNDLE_IDENTIFIER = com.gong.WonderSolution;
				PRODUCT_NAME = "$(TARGET_NAME)";
			};
			name = Debug;
		};
		F0E3DF791C97F30600196E44 /* Release */ = {
			isa = XCBuildConfiguration;
			buildSettings = {
				ASSETCATALOG_COMPILER_APPICON_NAME = AppIcon;
				GCC_PREFIX_HEADER = "$(SRCROOT)/WonderSolution/PrefixHeader.pch";
				INFOPLIST_FILE = WonderSolution/Info.plist;
				LD_RUNPATH_SEARCH_PATHS = "$(inherited) @executable_path/Frameworks";
				PRODUCT_BUNDLE_IDENTIFIER = com.gong.WonderSolution;
				PRODUCT_NAME = "$(TARGET_NAME)";
			};
			name = Release;
		};
		F0E3DF7B1C97F30600196E44 /* Debug */ = {
			isa = XCBuildConfiguration;
			buildSettings = {
				BUNDLE_LOADER = "$(TEST_HOST)";
				INFOPLIST_FILE = WonderSolutionTests/Info.plist;
				LD_RUNPATH_SEARCH_PATHS = "$(inherited) @executable_path/Frameworks @loader_path/Frameworks";
				PRODUCT_BUNDLE_IDENTIFIER = com.gong.WonderSolutionTests;
				PRODUCT_NAME = "$(TARGET_NAME)";
				TEST_HOST = "$(BUILT_PRODUCTS_DIR)/WonderSolution.app/WonderSolution";
			};
			name = Debug;
		};
		F0E3DF7C1C97F30600196E44 /* Release */ = {
			isa = XCBuildConfiguration;
			buildSettings = {
				BUNDLE_LOADER = "$(TEST_HOST)";
				INFOPLIST_FILE = WonderSolutionTests/Info.plist;
				LD_RUNPATH_SEARCH_PATHS = "$(inherited) @executable_path/Frameworks @loader_path/Frameworks";
				PRODUCT_BUNDLE_IDENTIFIER = com.gong.WonderSolutionTests;
				PRODUCT_NAME = "$(TARGET_NAME)";
				TEST_HOST = "$(BUILT_PRODUCTS_DIR)/WonderSolution.app/WonderSolution";
			};
			name = Release;
		};
		F0E3DF7E1C97F30600196E44 /* Debug */ = {
			isa = XCBuildConfiguration;
			buildSettings = {
				INFOPLIST_FILE = WonderSolutionUITests/Info.plist;
				LD_RUNPATH_SEARCH_PATHS = "$(inherited) @executable_path/Frameworks @loader_path/Frameworks";
				PRODUCT_BUNDLE_IDENTIFIER = com.gong.WonderSolutionUITests;
				PRODUCT_NAME = "$(TARGET_NAME)";
				TEST_TARGET_NAME = WonderSolution;
				USES_XCTRUNNER = YES;
			};
			name = Debug;
		};
		F0E3DF7F1C97F30600196E44 /* Release */ = {
			isa = XCBuildConfiguration;
			buildSettings = {
				INFOPLIST_FILE = WonderSolutionUITests/Info.plist;
				LD_RUNPATH_SEARCH_PATHS = "$(inherited) @executable_path/Frameworks @loader_path/Frameworks";
				PRODUCT_BUNDLE_IDENTIFIER = com.gong.WonderSolutionUITests;
				PRODUCT_NAME = "$(TARGET_NAME)";
				TEST_TARGET_NAME = WonderSolution;
				USES_XCTRUNNER = YES;
			};
			name = Release;
		};
/* End XCBuildConfiguration section */

/* Begin XCConfigurationList section */
		F0E3DF451C97F30600196E44 /* Build configuration list for PBXProject "WonderSolution" */ = {
			isa = XCConfigurationList;
			buildConfigurations = (
				F0E3DF751C97F30600196E44 /* Debug */,
				F0E3DF761C97F30600196E44 /* Release */,
			);
			defaultConfigurationIsVisible = 0;
			defaultConfigurationName = Release;
		};
		F0E3DF771C97F30600196E44 /* Build configuration list for PBXNativeTarget "WonderSolution" */ = {
			isa = XCConfigurationList;
			buildConfigurations = (
				F0E3DF781C97F30600196E44 /* Debug */,
				F0E3DF791C97F30600196E44 /* Release */,
			);
			defaultConfigurationIsVisible = 0;
		};
		F0E3DF7A1C97F30600196E44 /* Build configuration list for PBXNativeTarget "WonderSolutionTests" */ = {
			isa = XCConfigurationList;
			buildConfigurations = (
				F0E3DF7B1C97F30600196E44 /* Debug */,
				F0E3DF7C1C97F30600196E44 /* Release */,
			);
			defaultConfigurationIsVisible = 0;
		};
		F0E3DF7D1C97F30600196E44 /* Build configuration list for PBXNativeTarget "WonderSolutionUITests" */ = {
			isa = XCConfigurationList;
			buildConfigurations = (
				F0E3DF7E1C97F30600196E44 /* Debug */,
				F0E3DF7F1C97F30600196E44 /* Release */,
			);
			defaultConfigurationIsVisible = 0;
		};
/* End XCConfigurationList section */
	};
	rootObject = F0E3DF421C97F30600196E44 /* Project object */;
}
